
Microsoft Visual Studio Solution File, Format Version 12.00
# Visual Studio Version 17
VisualStudioVersion = 17.9.34728.123
MinimumVisualStudioVersion = 10.0.40219.1
Project("{9A19103F-16F7-4668-BE54-9A1E7A4F7556}") = "Tesztfeladat", "Tesztfeladat\Tesztfeladat.csproj", "{40C429DC-51CD-4ADA-8EE4-794D8430F182}"
EndProject
Global
	GlobalSection(SolutionConfigurationPlatforms) = preSolution
		Debug|Any CPU = Debug|Any CPU
		Release|Any CPU = Release|Any CPU
	EndGlobalSection
	GlobalSection(ProjectConfigurationPlatforms) = postSolution
		{40C429DC-51CD-4ADA-8EE4-794D8430F182}.Debug|Any CPU.ActiveCfg = Debug|Any CPU
		{40C429DC-51CD-4ADA-8EE4-794D8430F182}.Debug|Any CPU.Build.0 = Debug|Any CPU
		{40C429DC-51CD-4ADA-8EE4-794D8430F182}.Release|Any CPU.ActiveCfg = Release|Any CPU
		{40C429DC-51CD-4ADA-8EE4-794D8430F182}.Release|Any CPU.Build.0 = Release|Any CPU
	EndGlobalSection
	GlobalSection(SolutionProperties) = preSolution
		HideSolutionNode = FALSE
	EndGlobalSection
	GlobalSection(ExtensibilityGlobals) = postSolution
		SolutionGuid = {B8FB85E4-D613-4BE7-B6A4-9EF9A031226D}
	EndGlobalSection
EndGlobal
